
Microsoft Visual Studio Solution File, Format Version 12.00
# Visual Studio Version 17
VisualStudioVersion = 17.4.33110.190
MinimumVisualStudioVersion = 10.0.40219.1
Project("{FAE04EC0-301F-11D3-BF4B-00C04F79EFBC}") = "api-acesso-ia", "api-acesso-ia\api-acesso-ia.csproj", "{BAB62D6D-DB78-443E-9DB2-851B8334C180}"
EndProject
Global
	GlobalSection(SolutionConfigurationPlatforms) = preSolution
		Debug|Any CPU = Debug|Any CPU
		Release|Any CPU = Release|Any CPU
	EndGlobalSection
	GlobalSection(ProjectConfigurationPlatforms) = postSolution
		{BAB62D6D-DB78-443E-9DB2-851B8334C180}.Debug|Any CPU.ActiveCfg = Debug|Any CPU
		{BAB62D6D-DB78-443E-9DB2-851B8334C180}.Debug|Any CPU.Build.0 = Debug|Any CPU
		{BAB62D6D-DB78-443E-9DB2-851B8334C180}.Release|Any CPU.ActiveCfg = Release|Any CPU
		{BAB62D6D-DB78-443E-9DB2-851B8334C180}.Release|Any CPU.Build.0 = Release|Any CPU
	EndGlobalSection
	GlobalSection(SolutionProperties) = preSolution
		HideSolutionNode = FALSE
	EndGlobalSection
	GlobalSection(ExtensibilityGlobals) = postSolution
		SolutionGuid = {2626C17A-0ACF-4134-B2B8-247DB9D1BC66}
	EndGlobalSection
EndGlobal
